// !$*UTF8*$!
{
	archiveVersion = 1;
	classes = {
	};
	objectVersion = 56;
	objects = {

/* Begin PBXBuildFile section */
		0A55A0882B89F5FD00FB6C1E /* ExplorationApp.swift in Sources */ = {isa = PBXBuildFile; fileRef = 0A55A0872B89F5FD00FB6C1E /* ExplorationApp.swift */; };
		0A55A08C2B89F5FE00FB6C1E /* Assets.xcassets in Resources */ = {isa = PBXBuildFile; fileRef = 0A55A08B2B89F5FE00FB6C1E /* Assets.xcassets */; };
		0A55A08F2B89F5FE00FB6C1E /* Preview Assets.xcassets in Resources */ = {isa = PBXBuildFile; fileRef = 0A55A08E2B89F5FE00FB6C1E /* Preview Assets.xcassets */; };
		0A55A09C2B89F6A300FB6C1E /* ImageLoader.swift in Sources */ = {isa = PBXBuildFile; fileRef = 0A55A0972B89F6A300FB6C1E /* ImageLoader.swift */; };
		0A55A09D2B89F6A300FB6C1E /* WebService.swift in Sources */ = {isa = PBXBuildFile; fileRef = 0A55A0982B89F6A300FB6C1E /* WebService.swift */; };
		0A55A09E2B89F6A300FB6C1E /* PhotoListViewModel.swift in Sources */ = {isa = PBXBuildFile; fileRef = 0A55A0992B89F6A300FB6C1E /* PhotoListViewModel.swift */; };
		0A55A09F2B89F6A300FB6C1E /* Photo.swift in Sources */ = {isa = PBXBuildFile; fileRef = 0A55A09A2B89F6A300FB6C1E /* Photo.swift */; };
		0A55A0A02B89F6A300FB6C1E /* URLImage.swift in Sources */ = {isa = PBXBuildFile; fileRef = 0A55A09B2B89F6A300FB6C1E /* URLImage.swift */; };
		0A55A0A72B89F75100FB6C1E /* MapsBottomSheetContentView.swift in Sources */ = {isa = PBXBuildFile; fileRef = 0A55A0A22B89F75100FB6C1E /* MapsBottomSheetContentView.swift */; };
		0A55A0A82B89F75100FB6C1E /* Tab.swift in Sources */ = {isa = PBXBuildFile; fileRef = 0A55A0A42B89F75100FB6C1E /* Tab.swift */; };
		0A55A0A92B89F75100FB6C1E /* BottomSheetHelper.swift in Sources */ = {isa = PBXBuildFile; fileRef = 0A55A0A62B89F75100FB6C1E /* BottomSheetHelper.swift */; };
		0A55A0AB2B89F79100FB6C1E /* CachingImagesContentView.swift in Sources */ = {isa = PBXBuildFile; fileRef = 0A55A0AA2B89F79100FB6C1E /* CachingImagesContentView.swift */; };
		0A55A0B12B89F96900FB6C1E /* Toast.swift in Sources */ = {isa = PBXBuildFile; fileRef = 0A55A0AE2B89F96900FB6C1E /* Toast.swift */; };
		0A55A0B22B89F96900FB6C1E /* CustomToastsContentView.swift in Sources */ = {isa = PBXBuildFile; fileRef = 0A55A0AF2B89F96900FB6C1E /* CustomToastsContentView.swift */; };
		0A55A0D32B89FCAF00FB6C1E /* WidgetKit.framework in Frameworks */ = {isa = PBXBuildFile; fileRef = 0A55A0BB2B89FC6F00FB6C1E /* WidgetKit.framework */; };
		0A55A0D42B89FCAF00FB6C1E /* SwiftUI.framework in Frameworks */ = {isa = PBXBuildFile; fileRef = 0A55A0BD2B89FC6F00FB6C1E /* SwiftUI.framework */; };
		0A55A0DB2B89FCB000FB6C1E /* Assets.xcassets in Resources */ = {isa = PBXBuildFile; fileRef = 0A55A0DA2B89FCB000FB6C1E /* Assets.xcassets */; };
		0A55A0DF2B89FCB000FB6C1E /* TaskWidgetExtension.appex in Embed Foundation Extensions */ = {isa = PBXBuildFile; fileRef = 0A55A0D22B89FCAF00FB6C1E /* TaskWidgetExtension.appex */; settings = {ATTRIBUTES = (RemoveHeadersOnCopy, ); }; };
		0A55A0E42B89FCC800FB6C1E /* InteractiveWidgetsContentView.swift in Sources */ = {isa = PBXBuildFile; fileRef = 0A55A0E32B89FCC800FB6C1E /* InteractiveWidgetsContentView.swift */; };
		0A55A0E92B89FD1E00FB6C1E /* TaskModel.swift in Sources */ = {isa = PBXBuildFile; fileRef = 0A55A0E52B89FD1D00FB6C1E /* TaskModel.swift */; };
		0A55A0EA2B89FD1E00FB6C1E /* TaskWidgetBundle.swift in Sources */ = {isa = PBXBuildFile; fileRef = 0A55A0E62B89FD1D00FB6C1E /* TaskWidgetBundle.swift */; };
		0A55A0EB2B89FD1E00FB6C1E /* TaskWidget.swift in Sources */ = {isa = PBXBuildFile; fileRef = 0A55A0E72B89FD1D00FB6C1E /* TaskWidget.swift */; };
		0A55A0EC2B89FD1E00FB6C1E /* ToggleStateIntent.swift in Sources */ = {isa = PBXBuildFile; fileRef = 0A55A0E82B89FD1E00FB6C1E /* ToggleStateIntent.swift */; };
		0A55A0F22B8A003100FB6C1E /* ContentView.swift in Sources */ = {isa = PBXBuildFile; fileRef = 0A55A0EF2B8A003100FB6C1E /* ContentView.swift */; };
		0A55A0F32B8A003100FB6C1E /* ThemeChangeView.swift in Sources */ = {isa = PBXBuildFile; fileRef = 0A55A0F12B8A003100FB6C1E /* ThemeChangeView.swift */; };
/* End PBXBuildFile section */

/* Begin PBXContainerItemProxy section */
		0A55A0DD2B89FCB000FB6C1E /* PBXContainerItemProxy */ = {
			isa = PBXContainerItemProxy;
			containerPortal = 0A55A07C2B89F5FD00FB6C1E /* Project object */;
			proxyType = 1;
			remoteGlobalIDString = 0A55A0D12B89FCAF00FB6C1E;
			remoteInfo = TaskWidgetExtension;
		};
/* End PBXContainerItemProxy section */

/* Begin PBXCopyFilesBuildPhase section */
		0A55A0CD2B89FC7000FB6C1E /* Embed Foundation Extensions */ = {
			isa = PBXCopyFilesBuildPhase;
			buildActionMask = 2147483647;
			dstPath = "";
			dstSubfolderSpec = 13;
			files = (
				0A55A0DF2B89FCB000FB6C1E /* TaskWidgetExtension.appex in Embed Foundation Extensions */,
			);
			name = "Embed Foundation Extensions";
			runOnlyForDeploymentPostprocessing = 0;
		};
/* End PBXCopyFilesBuildPhase section */

/* Begin PBXFileReference section */
		0A55A0842B89F5FD00FB6C1E /* Exploration.app */ = {isa = PBXFileReference; explicitFileType = wrapper.application; includeInIndex = 0; path = Exploration.app; sourceTree = BUILT_PRODUCTS_DIR; };
		0A55A0872B89F5FD00FB6C1E /* ExplorationApp.swift */ = {isa = PBXFileReference; lastKnownFileType = sourcecode.swift; path = ExplorationApp.swift; sourceTree = "<group>"; };
		0A55A08B2B89F5FE00FB6C1E /* Assets.xcassets */ = {isa = PBXFileReference; lastKnownFileType = folder.assetcatalog; path = Assets.xcassets; sourceTree = "<group>"; };
		0A55A08E2B89F5FE00FB6C1E /* Preview Assets.xcassets */ = {isa = PBXFileReference; lastKnownFileType = folder.assetcatalog; path = "Preview Assets.xcassets"; sourceTree = "<group>"; };
		0A55A0972B89F6A300FB6C1E /* ImageLoader.swift */ = {isa = PBXFileReference; fileEncoding = 4; lastKnownFileType = sourcecode.swift; path = ImageLoader.swift; sourceTree = "<group>"; };
		0A55A0982B89F6A300FB6C1E /* WebService.swift */ = {isa = PBXFileReference; fileEncoding = 4; lastKnownFileType = sourcecode.swift; path = WebService.swift; sourceTree = "<group>"; };
		0A55A0992B89F6A300FB6C1E /* PhotoListViewModel.swift */ = {isa = PBXFileReference; fileEncoding = 4; lastKnownFileType = sourcecode.swift; path = PhotoListViewModel.swift; sourceTree = "<group>"; };
		0A55A09A2B89F6A300FB6C1E /* Photo.swift */ = {isa = PBXFileReference; fileEncoding = 4; lastKnownFileType = sourcecode.swift; path = Photo.swift; sourceTree = "<group>"; };
		0A55A09B2B89F6A300FB6C1E /* URLImage.swift */ = {isa = PBXFileReference; fileEncoding = 4; lastKnownFileType = sourcecode.swift; path = URLImage.swift; sourceTree = "<group>"; };
		0A55A0A22B89F75100FB6C1E /* MapsBottomSheetContentView.swift */ = {isa = PBXFileReference; fileEncoding = 4; lastKnownFileType = sourcecode.swift; path = MapsBottomSheetContentView.swift; sourceTree = "<group>"; };
		0A55A0A42B89F75100FB6C1E /* Tab.swift */ = {isa = PBXFileReference; fileEncoding = 4; lastKnownFileType = sourcecode.swift; path = Tab.swift; sourceTree = "<group>"; };
		0A55A0A62B89F75100FB6C1E /* BottomSheetHelper.swift */ = {isa = PBXFileReference; fileEncoding = 4; lastKnownFileType = sourcecode.swift; path = BottomSheetHelper.swift; sourceTree = "<group>"; };
		0A55A0AA2B89F79100FB6C1E /* CachingImagesContentView.swift */ = {isa = PBXFileReference; fileEncoding = 4; lastKnownFileType = sourcecode.swift; path = CachingImagesContentView.swift; sourceTree = "<group>"; };
		0A55A0AE2B89F96900FB6C1E /* Toast.swift */ = {isa = PBXFileReference; fileEncoding = 4; lastKnownFileType = sourcecode.swift; path = Toast.swift; sourceTree = "<group>"; };
		0A55A0AF2B89F96900FB6C1E /* CustomToastsContentView.swift */ = {isa = PBXFileReference; fileEncoding = 4; lastKnownFileType = sourcecode.swift; path = CustomToastsContentView.swift; sourceTree = "<group>"; };
		0A55A0BB2B89FC6F00FB6C1E /* WidgetKit.framework */ = {isa = PBXFileReference; lastKnownFileType = wrapper.framework; name = WidgetKit.framework; path = System/Library/Frameworks/WidgetKit.framework; sourceTree = SDKROOT; };
		0A55A0BD2B89FC6F00FB6C1E /* SwiftUI.framework */ = {isa = PBXFileReference; lastKnownFileType = wrapper.framework; name = SwiftUI.framework; path = System/Library/Frameworks/SwiftUI.framework; sourceTree = SDKROOT; };
		0A55A0D22B89FCAF00FB6C1E /* TaskWidgetExtension.appex */ = {isa = PBXFileReference; explicitFileType = "wrapper.app-extension"; includeInIndex = 0; path = TaskWidgetExtension.appex; sourceTree = BUILT_PRODUCTS_DIR; };
		0A55A0DA2B89FCB000FB6C1E /* Assets.xcassets */ = {isa = PBXFileReference; lastKnownFileType = folder.assetcatalog; path = Assets.xcassets; sourceTree = "<group>"; };
		0A55A0DC2B89FCB000FB6C1E /* Info.plist */ = {isa = PBXFileReference; lastKnownFileType = text.plist.xml; path = Info.plist; sourceTree = "<group>"; };
		0A55A0E32B89FCC800FB6C1E /* InteractiveWidgetsContentView.swift */ = {isa = PBXFileReference; fileEncoding = 4; lastKnownFileType = sourcecode.swift; path = InteractiveWidgetsContentView.swift; sourceTree = "<group>"; };
		0A55A0E52B89FD1D00FB6C1E /* TaskModel.swift */ = {isa = PBXFileReference; fileEncoding = 4; lastKnownFileType = sourcecode.swift; path = TaskModel.swift; sourceTree = "<group>"; };
		0A55A0E62B89FD1D00FB6C1E /* TaskWidgetBundle.swift */ = {isa = PBXFileReference; fileEncoding = 4; lastKnownFileType = sourcecode.swift; path = TaskWidgetBundle.swift; sourceTree = "<group>"; };
		0A55A0E72B89FD1D00FB6C1E /* TaskWidget.swift */ = {isa = PBXFileReference; fileEncoding = 4; lastKnownFileType = sourcecode.swift; path = TaskWidget.swift; sourceTree = "<group>"; };
		0A55A0E82B89FD1E00FB6C1E /* ToggleStateIntent.swift */ = {isa = PBXFileReference; fileEncoding = 4; lastKnownFileType = sourcecode.swift; path = ToggleStateIntent.swift; sourceTree = "<group>"; };
		0A55A0EF2B8A003100FB6C1E /* ContentView.swift */ = {isa = PBXFileReference; fileEncoding = 4; lastKnownFileType = sourcecode.swift; path = ContentView.swift; sourceTree = "<group>"; };
		0A55A0F12B8A003100FB6C1E /* ThemeChangeView.swift */ = {isa = PBXFileReference; fileEncoding = 4; lastKnownFileType = sourcecode.swift; path = ThemeChangeView.swift; sourceTree = "<group>"; };
/* End PBXFileReference section */

/* Begin PBXFrameworksBuildPhase section */
		0A55A0812B89F5FD00FB6C1E /* Frameworks */ = {
			isa = PBXFrameworksBuildPhase;
			buildActionMask = 2147483647;
			files = (
			);
			runOnlyForDeploymentPostprocessing = 0;
		};
		0A55A0CF2B89FCAF00FB6C1E /* Frameworks */ = {
			isa = PBXFrameworksBuildPhase;
			buildActionMask = 2147483647;
			files = (
				0A55A0D42B89FCAF00FB6C1E /* SwiftUI.framework in Frameworks */,
				0A55A0D32B89FCAF00FB6C1E /* WidgetKit.framework in Frameworks */,
			);
			runOnlyForDeploymentPostprocessing = 0;
		};
/* End PBXFrameworksBuildPhase section */

/* Begin PBXGroup section */
		0A55A07B2B89F5FD00FB6C1E = {
			isa = PBXGroup;
			children = (
				0A55A0862B89F5FD00FB6C1E /* Exploration */,
				0A55A0D52B89FCAF00FB6C1E /* TaskWidget */,
				0A55A0BA2B89FC6F00FB6C1E /* Frameworks */,
				0A55A0852B89F5FD00FB6C1E /* Products */,
			);
			sourceTree = "<group>";
		};
		0A55A0852B89F5FD00FB6C1E /* Products */ = {
			isa = PBXGroup;
			children = (
				0A55A0842B89F5FD00FB6C1E /* Exploration.app */,
				0A55A0D22B89FCAF00FB6C1E /* TaskWidgetExtension.appex */,
			);
			name = Products;
			sourceTree = "<group>";
		};
		0A55A0862B89F5FD00FB6C1E /* Exploration */ = {
			isa = PBXGroup;
			children = (
				0A55A0ED2B89FFEC00FB6C1E /* CustomModals */,
				0A55A0B42B89FAA000FB6C1E /* Widgets */,
				0A55A0AC2B89F88600FB6C1E /* CustomToasts */,
				0A55A0A12B89F70300FB6C1E /* MapsBottomSheet */,
				0A55A0952B89F66100FB6C1E /* CachingImages */,
				0A55A0872B89F5FD00FB6C1E /* ExplorationApp.swift */,
				0A55A08B2B89F5FE00FB6C1E /* Assets.xcassets */,
				0A55A08D2B89F5FE00FB6C1E /* Preview Content */,
			);
			path = Exploration;
			sourceTree = "<group>";
		};
		0A55A08D2B89F5FE00FB6C1E /* Preview Content */ = {
			isa = PBXGroup;
			children = (
				0A55A08E2B89F5FE00FB6C1E /* Preview Assets.xcassets */,
			);
			path = "Preview Content";
			sourceTree = "<group>";
		};
		0A55A0952B89F66100FB6C1E /* CachingImages */ = {
			isa = PBXGroup;
			children = (
				0A55A0962B89F67A00FB6C1E /* UsingNSCache */,
			);
			path = CachingImages;
			sourceTree = "<group>";
		};
		0A55A0962B89F67A00FB6C1E /* UsingNSCache */ = {
			isa = PBXGroup;
			children = (
				0A55A0AA2B89F79100FB6C1E /* CachingImagesContentView.swift */,
				0A55A0972B89F6A300FB6C1E /* ImageLoader.swift */,
				0A55A09A2B89F6A300FB6C1E /* Photo.swift */,
				0A55A0992B89F6A300FB6C1E /* PhotoListViewModel.swift */,
				0A55A09B2B89F6A300FB6C1E /* URLImage.swift */,
				0A55A0982B89F6A300FB6C1E /* WebService.swift */,
			);
			path = UsingNSCache;
			sourceTree = "<group>";
		};
		0A55A0A12B89F70300FB6C1E /* MapsBottomSheet */ = {
			isa = PBXGroup;
			children = (
				0A55A0A22B89F75100FB6C1E /* MapsBottomSheetContentView.swift */,
				0A55A0A52B89F75100FB6C1E /* Helpers */,
				0A55A0A32B89F75100FB6C1E /* Model */,
			);
			path = MapsBottomSheet;
			sourceTree = "<group>";
		};
		0A55A0A32B89F75100FB6C1E /* Model */ = {
			isa = PBXGroup;
			children = (
				0A55A0A42B89F75100FB6C1E /* Tab.swift */,
			);
			path = Model;
			sourceTree = "<group>";
		};
		0A55A0A52B89F75100FB6C1E /* Helpers */ = {
			isa = PBXGroup;
			children = (
				0A55A0A62B89F75100FB6C1E /* BottomSheetHelper.swift */,
			);
			path = Helpers;
			sourceTree = "<group>";
		};
		0A55A0AC2B89F88600FB6C1E /* CustomToasts */ = {
			isa = PBXGroup;
			children = (
				0A55A0AF2B89F96900FB6C1E /* CustomToastsContentView.swift */,
				0A55A0AD2B89F96900FB6C1E /* Helpers */,
			);
			path = CustomToasts;
			sourceTree = "<group>";
		};
		0A55A0AD2B89F96900FB6C1E /* Helpers */ = {
			isa = PBXGroup;
			children = (
				0A55A0AE2B89F96900FB6C1E /* Toast.swift */,
			);
			path = Helpers;
			sourceTree = "<group>";
		};
		0A55A0B42B89FAA000FB6C1E /* Widgets */ = {
			isa = PBXGroup;
			children = (
				0A55A0E32B89FCC800FB6C1E /* InteractiveWidgetsContentView.swift */,
			);
			path = Widgets;
			sourceTree = "<group>";
		};
		0A55A0BA2B89FC6F00FB6C1E /* Frameworks */ = {
			isa = PBXGroup;
			children = (
				0A55A0BB2B89FC6F00FB6C1E /* WidgetKit.framework */,
				0A55A0BD2B89FC6F00FB6C1E /* SwiftUI.framework */,
			);
			name = Frameworks;
			sourceTree = "<group>";
		};
		0A55A0D52B89FCAF00FB6C1E /* TaskWidget */ = {
			isa = PBXGroup;
			children = (
				0A55A0E52B89FD1D00FB6C1E /* TaskModel.swift */,
				0A55A0E72B89FD1D00FB6C1E /* TaskWidget.swift */,
				0A55A0E62B89FD1D00FB6C1E /* TaskWidgetBundle.swift */,
				0A55A0E82B89FD1E00FB6C1E /* ToggleStateIntent.swift */,
				0A55A0DA2B89FCB000FB6C1E /* Assets.xcassets */,
				0A55A0DC2B89FCB000FB6C1E /* Info.plist */,
			);
			path = TaskWidget;
			sourceTree = "<group>";
		};
		0A55A0ED2B89FFEC00FB6C1E /* CustomModals */ = {
			isa = PBXGroup;
			children = (
				0A55A0EE2B8A001300FB6C1E /* ThemeSwitcher */,
			);
			path = CustomModals;
			sourceTree = "<group>";
		};
		0A55A0EE2B8A001300FB6C1E /* ThemeSwitcher */ = {
			isa = PBXGroup;
			children = (
				0A55A0EF2B8A003100FB6C1E /* ContentView.swift */,
				0A55A0F02B8A003100FB6C1E /* Helpers */,
			);
			path = ThemeSwitcher;
			sourceTree = "<group>";
		};
		0A55A0F02B8A003100FB6C1E /* Helpers */ = {
			isa = PBXGroup;
			children = (
				0A55A0F12B8A003100FB6C1E /* ThemeChangeView.swift */,
			);
			path = Helpers;
			sourceTree = "<group>";
		};
/* End PBXGroup section */

/* Begin PBXNativeTarget section */
		0A55A0832B89F5FD00FB6C1E /* Exploration */ = {
			isa = PBXNativeTarget;
			buildConfigurationList = 0A55A0922B89F5FE00FB6C1E /* Build configuration list for PBXNativeTarget "Exploration" */;
			buildPhases = (
				0A55A0802B89F5FD00FB6C1E /* Sources */,
				0A55A0812B89F5FD00FB6C1E /* Frameworks */,
				0A55A0822B89F5FD00FB6C1E /* Resources */,
				0A55A0CD2B89FC7000FB6C1E /* Embed Foundation Extensions */,
			);
			buildRules = (
			);
			dependencies = (
				0A55A0DE2B89FCB000FB6C1E /* PBXTargetDependency */,
			);
			name = Exploration;
			productName = Exploration;
			productReference = 0A55A0842B89F5FD00FB6C1E /* Exploration.app */;
			productType = "com.apple.product-type.application";
		};
		0A55A0D12B89FCAF00FB6C1E /* TaskWidgetExtension */ = {
			isa = PBXNativeTarget;
			buildConfigurationList = 0A55A0E02B89FCB000FB6C1E /* Build configuration list for PBXNativeTarget "TaskWidgetExtension" */;
			buildPhases = (
				0A55A0CE2B89FCAF00FB6C1E /* Sources */,
				0A55A0CF2B89FCAF00FB6C1E /* Frameworks */,
				0A55A0D02B89FCAF00FB6C1E /* Resources */,
			);
			buildRules = (
			);
			dependencies = (
			);
			name = TaskWidgetExtension;
			productName = TaskWidgetExtension;
			productReference = 0A55A0D22B89FCAF00FB6C1E /* TaskWidgetExtension.appex */;
			productType = "com.apple.product-type.app-extension";
		};
/* End PBXNativeTarget section */

/* Begin PBXProject section */
		0A55A07C2B89F5FD00FB6C1E /* Project object */ = {
			isa = PBXProject;
			attributes = {
				BuildIndependentTargetsInParallel = 1;
				LastSwiftUpdateCheck = 1520;
				LastUpgradeCheck = 1520;
				TargetAttributes = {
					0A55A0832B89F5FD00FB6C1E = {
						CreatedOnToolsVersion = 15.2;
					};
					0A55A0D12B89FCAF00FB6C1E = {
						CreatedOnToolsVersion = 15.2;
						LastSwiftMigration = 1520;
					};
				};
			};
			buildConfigurationList = 0A55A07F2B89F5FD00FB6C1E /* Build configuration list for PBXProject "Exploration" */;
			compatibilityVersion = "Xcode 14.0";
			developmentRegion = en;
			hasScannedForEncodings = 0;
			knownRegions = (
				en,
				Base,
			);
			mainGroup = 0A55A07B2B89F5FD00FB6C1E;
			productRefGroup = 0A55A0852B89F5FD00FB6C1E /* Products */;
			projectDirPath = "";
			projectRoot = "";
			targets = (
				0A55A0832B89F5FD00FB6C1E /* Exploration */,
				0A55A0D12B89FCAF00FB6C1E /* TaskWidgetExtension */,
			);
		};
/* End PBXProject section */

/* Begin PBXResourcesBuildPhase section */
		0A55A0822B89F5FD00FB6C1E /* Resources */ = {
			isa = PBXResourcesBuildPhase;
			buildActionMask = 2147483647;
			files = (
				0A55A08F2B89F5FE00FB6C1E /* Preview Assets.xcassets in Resources */,
				0A55A08C2B89F5FE00FB6C1E /* Assets.xcassets in Resources */,
			);
			runOnlyForDeploymentPostprocessing = 0;
		};
		0A55A0D02B89FCAF00FB6C1E /* Resources */ = {
			isa = PBXResourcesBuildPhase;
			buildActionMask = 2147483647;
			files = (
				0A55A0DB2B89FCB000FB6C1E /* Assets.xcassets in Resources */,
			);
			runOnlyForDeploymentPostprocessing = 0;
		};
/* End PBXResourcesBuildPhase section */

/* Begin PBXSourcesBuildPhase section */
		0A55A0802B89F5FD00FB6C1E /* Sources */ = {
			isa = PBXSourcesBuildPhase;
			buildActionMask = 2147483647;
			files = (
				0A55A0A02B89F6A300FB6C1E /* URLImage.swift in Sources */,
				0A55A09F2B89F6A300FB6C1E /* Photo.swift in Sources */,
				0A55A0F22B8A003100FB6C1E /* ContentView.swift in Sources */,
				0A55A0F32B8A003100FB6C1E /* ThemeChangeView.swift in Sources */,
				0A55A0B22B89F96900FB6C1E /* CustomToastsContentView.swift in Sources */,
				0A55A0A92B89F75100FB6C1E /* BottomSheetHelper.swift in Sources */,
				0A55A0A72B89F75100FB6C1E /* MapsBottomSheetContentView.swift in Sources */,
				0A55A0A82B89F75100FB6C1E /* Tab.swift in Sources */,
				0A55A0882B89F5FD00FB6C1E /* ExplorationApp.swift in Sources */,
				0A55A0AB2B89F79100FB6C1E /* CachingImagesContentView.swift in Sources */,
				0A55A09D2B89F6A300FB6C1E /* WebService.swift in Sources */,
				0A55A0B12B89F96900FB6C1E /* Toast.swift in Sources */,
				0A55A0E42B89FCC800FB6C1E /* InteractiveWidgetsContentView.swift in Sources */,
				0A55A09E2B89F6A300FB6C1E /* PhotoListViewModel.swift in Sources */,
				0A55A09C2B89F6A300FB6C1E /* ImageLoader.swift in Sources */,
			);
			runOnlyForDeploymentPostprocessing = 0;
		};
		0A55A0CE2B89FCAF00FB6C1E /* Sources */ = {
			isa = PBXSourcesBuildPhase;
			buildActionMask = 2147483647;
			files = (
				0A55A0EA2B89FD1E00FB6C1E /* TaskWidgetBundle.swift in Sources */,
				0A55A0E92B89FD1E00FB6C1E /* TaskModel.swift in Sources */,
				0A55A0EB2B89FD1E00FB6C1E /* TaskWidget.swift in Sources */,
				0A55A0EC2B89FD1E00FB6C1E /* ToggleStateIntent.swift in Sources */,
			);
			runOnlyForDeploymentPostprocessing = 0;
		};
/* End PBXSourcesBuildPhase section */

/* Begin PBXTargetDependency section */
		0A55A0DE2B89FCB000FB6C1E /* PBXTargetDependency */ = {
			isa = PBXTargetDependency;
			target = 0A55A0D12B89FCAF00FB6C1E /* TaskWidgetExtension */;
			targetProxy = 0A55A0DD2B89FCB000FB6C1E /* PBXContainerItemProxy */;
		};
/* End PBXTargetDependency section */

/* Begin XCBuildConfiguration section */
		0A55A0902B89F5FE00FB6C1E /* Debug */ = {
			isa = XCBuildConfiguration;
			buildSettings = {
				ALWAYS_SEARCH_USER_PATHS = NO;
				ASSETCATALOG_COMPILER_GENERATE_SWIFT_ASSET_SYMBOL_EXTENSIONS = YES;
				CLANG_ANALYZER_NONNULL = YES;
				CLANG_ANALYZER_NUMBER_OBJECT_CONVERSION = YES_AGGRESSIVE;
				CLANG_CXX_LANGUAGE_STANDARD = "gnu++20";
				CLANG_ENABLE_MODULES = YES;
				CLANG_ENABLE_OBJC_ARC = YES;
				CLANG_ENABLE_OBJC_WEAK = YES;
				CLANG_WARN_BLOCK_CAPTURE_AUTORELEASING = YES;
				CLANG_WARN_BOOL_CONVERSION = YES;
				CLANG_WARN_COMMA = YES;
				CLANG_WARN_CONSTANT_CONVERSION = YES;
				CLANG_WARN_DEPRECATED_OBJC_IMPLEMENTATIONS = YES;
				CLANG_WARN_DIRECT_OBJC_ISA_USAGE = YES_ERROR;
				CLANG_WARN_DOCUMENTATION_COMMENTS = YES;
				CLANG_WARN_EMPTY_BODY = YES;
				CLANG_WARN_ENUM_CONVERSION = YES;
				CLANG_WARN_INFINITE_RECURSION = YES;
				CLANG_WARN_INT_CONVERSION = YES;
				CLANG_WARN_NON_LITERAL_NULL_CONVERSION = YES;
				CLANG_WARN_OBJC_IMPLICIT_RETAIN_SELF = YES;
				CLANG_WARN_OBJC_LITERAL_CONVERSION = YES;
				CLANG_WARN_OBJC_ROOT_CLASS = YES_ERROR;
				CLANG_WARN_QUOTED_INCLUDE_IN_FRAMEWORK_HEADER = YES;
				CLANG_WARN_RANGE_LOOP_ANALYSIS = YES;
				CLANG_WARN_STRICT_PROTOTYPES = YES;
				CLANG_WARN_SUSPICIOUS_MOVE = YES;
				CLANG_WARN_UNGUARDED_AVAILABILITY = YES_AGGRESSIVE;
				CLANG_WARN_UNREACHABLE_CODE = YES;
				CLANG_WARN__DUPLICATE_METHOD_MATCH = YES;
				COPY_PHASE_STRIP = NO;
				DEBUG_INFORMATION_FORMAT = dwarf;
				ENABLE_STRICT_OBJC_MSGSEND = YES;
				ENABLE_TESTABILITY = YES;
				ENABLE_USER_SCRIPT_SANDBOXING = YES;
				GCC_C_LANGUAGE_STANDARD = gnu17;
				GCC_DYNAMIC_NO_PIC = NO;
				GCC_NO_COMMON_BLOCKS = YES;
				GCC_OPTIMIZATION_LEVEL = 0;
				GCC_PREPROCESSOR_DEFINITIONS = (
					"DEBUG=1",
					"$(inherited)",
				);
				GCC_WARN_64_TO_32_BIT_CONVERSION = YES;
				GCC_WARN_ABOUT_RETURN_TYPE = YES_ERROR;
				GCC_WARN_UNDECLARED_SELECTOR = YES;
				GCC_WARN_UNINITIALIZED_AUTOS = YES_AGGRESSIVE;
				GCC_WARN_UNUSED_FUNCTION = YES;
				GCC_WARN_UNUSED_VARIABLE = YES;
				IPHONEOS_DEPLOYMENT_TARGET = 17.2;
				LOCALIZATION_PREFERS_STRING_CATALOGS = YES;
				MTL_ENABLE_DEBUG_INFO = INCLUDE_SOURCE;
				MTL_FAST_MATH = YES;
				ONLY_ACTIVE_ARCH = YES;
				SDKROOT = iphoneos;
				SWIFT_ACTIVE_COMPILATION_CONDITIONS = "DEBUG $(inherited)";
				SWIFT_OPTIMIZATION_LEVEL = "-Onone";
			};
			name = Debug;
		};
		0A55A0912B89F5FE00FB6C1E /* Release */ = {
			isa = XCBuildConfiguration;
			buildSettings = {
				ALWAYS_SEARCH_USER_PATHS = NO;
				ASSETCATALOG_COMPILER_GENERATE_SWIFT_ASSET_SYMBOL_EXTENSIONS = YES;
				CLANG_ANALYZER_NONNULL = YES;
				CLANG_ANALYZER_NUMBER_OBJECT_CONVERSION = YES_AGGRESSIVE;
				CLANG_CXX_LANGUAGE_STANDARD = "gnu++20";
				CLANG_ENABLE_MODULES = YES;
				CLANG_ENABLE_OBJC_ARC = YES;
				CLANG_ENABLE_OBJC_WEAK = YES;
				CLANG_WARN_BLOCK_CAPTURE_AUTORELEASING = YES;
				CLANG_WARN_BOOL_CONVERSION = YES;
				CLANG_WARN_COMMA = YES;
				CLANG_WARN_CONSTANT_CONVERSION = YES;
				CLANG_WARN_DEPRECATED_OBJC_IMPLEMENTATIONS = YES;
				CLANG_WARN_DIRECT_OBJC_ISA_USAGE = YES_ERROR;
				CLANG_WARN_DOCUMENTATION_COMMENTS = YES;
				CLANG_WARN_EMPTY_BODY = YES;
				CLANG_WARN_ENUM_CONVERSION = YES;
				CLANG_WARN_INFINITE_RECURSION = YES;
				CLANG_WARN_INT_CONVERSION = YES;
				CLANG_WARN_NON_LITERAL_NULL_CONVERSION = YES;
				CLANG_WARN_OBJC_IMPLICIT_RETAIN_SELF = YES;
				CLANG_WARN_OBJC_LITERAL_CONVERSION = YES;
				CLANG_WARN_OBJC_ROOT_CLASS = YES_ERROR;
				CLANG_WARN_QUOTED_INCLUDE_IN_FRAMEWORK_HEADER = YES;
				CLANG_WARN_RANGE_LOOP_ANALYSIS = YES;
				CLANG_WARN_STRICT_PROTOTYPES = YES;
				CLANG_WARN_SUSPICIOUS_MOVE = YES;
				CLANG_WARN_UNGUARDED_AVAILABILITY = YES_AGGRESSIVE;
				CLANG_WARN_UNREACHABLE_CODE = YES;
				CLANG_WARN__DUPLICATE_METHOD_MATCH = YES;
				COPY_PHASE_STRIP = NO;
				DEBUG_INFORMATION_FORMAT = "dwarf-with-dsym";
				ENABLE_NS_ASSERTIONS = NO;
				ENABLE_STRICT_OBJC_MSGSEND = YES;
				ENABLE_USER_SCRIPT_SANDBOXING = YES;
				GCC_C_LANGUAGE_STANDARD = gnu17;
				GCC_NO_COMMON_BLOCKS = YES;
				GCC_WARN_64_TO_32_BIT_CONVERSION = YES;
				GCC_WARN_ABOUT_RETURN_TYPE = YES_ERROR;
				GCC_WARN_UNDECLARED_SELECTOR = YES;
				GCC_WARN_UNINITIALIZED_AUTOS = YES_AGGRESSIVE;
				GCC_WARN_UNUSED_FUNCTION = YES;
				GCC_WARN_UNUSED_VARIABLE = YES;
				IPHONEOS_DEPLOYMENT_TARGET = 17.2;
				LOCALIZATION_PREFERS_STRING_CATALOGS = YES;
				MTL_ENABLE_DEBUG_INFO = NO;
				MTL_FAST_MATH = YES;
				SDKROOT = iphoneos;
				SWIFT_COMPILATION_MODE = wholemodule;
				VALIDATE_PRODUCT = YES;
			};
			name = Release;
		};
		0A55A0932B89F5FE00FB6C1E /* Debug */ = {
			isa = XCBuildConfiguration;
			buildSettings = {
				ALWAYS_EMBED_SWIFT_STANDARD_LIBRARIES = YES;
				ASSETCATALOG_COMPILER_APPICON_NAME = AppIcon;
				ASSETCATALOG_COMPILER_GLOBAL_ACCENT_COLOR_NAME = AccentColor;
				CODE_SIGN_STYLE = Automatic;
				CURRENT_PROJECT_VERSION = 1;
				DEVELOPMENT_ASSET_PATHS = "\"Exploration/Preview Content\"";
				DEVELOPMENT_TEAM = J8A5ZAM5GV;
				ENABLE_PREVIEWS = YES;
				GENERATE_INFOPLIST_FILE = YES;
				INFOPLIST_KEY_UIApplicationSceneManifest_Generation = YES;
				INFOPLIST_KEY_UIApplicationSupportsIndirectInputEvents = YES;
				INFOPLIST_KEY_UILaunchScreen_Generation = YES;
				INFOPLIST_KEY_UISupportedInterfaceOrientations_iPad = "UIInterfaceOrientationPortrait UIInterfaceOrientationPortraitUpsideDown UIInterfaceOrientationLandscapeLeft UIInterfaceOrientationLandscapeRight";
				INFOPLIST_KEY_UISupportedInterfaceOrientations_iPhone = "UIInterfaceOrientationPortrait UIInterfaceOrientationLandscapeLeft UIInterfaceOrientationLandscapeRight";
				LD_RUNPATH_SEARCH_PATHS = (
					"$(inherited)",
					"@executable_path/Frameworks",
				);
				MARKETING_VERSION = 1.0;
				PRODUCT_BUNDLE_IDENTIFIER = com.oluwatobiomotayo.Exploration;
				PRODUCT_NAME = "$(TARGET_NAME)";
				SWIFT_EMIT_LOC_STRINGS = YES;
				SWIFT_VERSION = 5.0;
				TARGETED_DEVICE_FAMILY = "1,2";
			};
			name = Debug;
		};
		0A55A0942B89F5FE00FB6C1E /* Release */ = {
			isa = XCBuildConfiguration;
			buildSettings = {
				ALWAYS_EMBED_SWIFT_STANDARD_LIBRARIES = YES;
				ASSETCATALOG_COMPILER_APPICON_NAME = AppIcon;
				ASSETCATALOG_COMPILER_GLOBAL_ACCENT_COLOR_NAME = AccentColor;
				CODE_SIGN_STYLE = Automatic;
				CURRENT_PROJECT_VERSION = 1;
				DEVELOPMENT_ASSET_PATHS = "\"Exploration/Preview Content\"";
				DEVELOPMENT_TEAM = J8A5ZAM5GV;
				ENABLE_PREVIEWS = YES;
				GENERATE_INFOPLIST_FILE = YES;
				INFOPLIST_KEY_UIApplicationSceneManifest_Generation = YES;
				INFOPLIST_KEY_UIApplicationSupportsIndirectInputEvents = YES;
				INFOPLIST_KEY_UILaunchScreen_Generation = YES;
				INFOPLIST_KEY_UISupportedInterfaceOrientations_iPad = "UIInterfaceOrientationPortrait UIInterfaceOrientationPortraitUpsideDown UIInterfaceOrientationLandscapeLeft UIInterfaceOrientationLandscapeRight";
				INFOPLIST_KEY_UISupportedInterfaceOrientations_iPhone = "UIInterfaceOrientationPortrait UIInterfaceOrientationLandscapeLeft UIInterfaceOrientationLandscapeRight";
				LD_RUNPATH_SEARCH_PATHS = (
					"$(inherited)",
					"@executable_path/Frameworks",
				);
				MARKETING_VERSION = 1.0;
				PRODUCT_BUNDLE_IDENTIFIER = com.oluwatobiomotayo.Exploration;
				PRODUCT_NAME = "$(TARGET_NAME)";
				SWIFT_EMIT_LOC_STRINGS = YES;
				SWIFT_VERSION = 5.0;
				TARGETED_DEVICE_FAMILY = "1,2";
			};
			name = Release;
		};
		0A55A0E12B89FCB000FB6C1E /* Debug */ = {
			isa = XCBuildConfiguration;
			buildSettings = {
				ASSETCATALOG_COMPILER_GLOBAL_ACCENT_COLOR_NAME = AccentColor;
				ASSETCATALOG_COMPILER_WIDGET_BACKGROUND_COLOR_NAME = WidgetBackground;
				CLANG_ENABLE_MODULES = YES;
				CODE_SIGN_STYLE = Automatic;
				CURRENT_PROJECT_VERSION = 1;
				DEVELOPMENT_TEAM = J8A5ZAM5GV;
				GENERATE_INFOPLIST_FILE = YES;
				INFOPLIST_FILE = TaskWidget/Info.plist;
				INFOPLIST_KEY_CFBundleDisplayName = TaskWidget;
				INFOPLIST_KEY_NSHumanReadableCopyright = "";
				LD_RUNPATH_SEARCH_PATHS = (
					"$(inherited)",
					"@executable_path/Frameworks",
					"@executable_path/../../Frameworks",
				);
				MARKETING_VERSION = 1.0;
				PRODUCT_BUNDLE_IDENTIFIER = com.oluwatobiomotayo.Exploration.TaskWidget;
				PRODUCT_NAME = "$(TARGET_NAME)";
				SKIP_INSTALL = YES;
				SWIFT_EMIT_LOC_STRINGS = YES;
				SWIFT_OPTIMIZATION_LEVEL = "-Onone";
				SWIFT_VERSION = 5.0;
				TARGETED_DEVICE_FAMILY = "1,2";
			};
			name = Debug;
		};
		0A55A0E22B89FCB000FB6C1E /* Release */ = {
			isa = XCBuildConfiguration;
			buildSettings = {
				ASSETCATALOG_COMPILER_GLOBAL_ACCENT_COLOR_NAME = AccentColor;
				ASSETCATALOG_COMPILER_WIDGET_BACKGROUND_COLOR_NAME = WidgetBackground;
				CLANG_ENABLE_MODULES = YES;
				CODE_SIGN_STYLE = Automatic;
				CURRENT_PROJECT_VERSION = 1;
				DEVELOPMENT_TEAM = J8A5ZAM5GV;
				GENERATE_INFOPLIST_FILE = YES;
				INFOPLIST_FILE = TaskWidget/Info.plist;
				INFOPLIST_KEY_CFBundleDisplayName = TaskWidget;
				INFOPLIST_KEY_NSHumanReadableCopyright = "";
				LD_RUNPATH_SEARCH_PATHS = (
					"$(inherited)",
					"@executable_path/Frameworks",
					"@executable_path/../../Frameworks",
				);
				MARKETING_VERSION = 1.0;
				PRODUCT_BUNDLE_IDENTIFIER = com.oluwatobiomotayo.Exploration.TaskWidget;
				PRODUCT_NAME = "$(TARGET_NAME)";
				SKIP_INSTALL = YES;
				SWIFT_EMIT_LOC_STRINGS = YES;
				SWIFT_VERSION = 5.0;
				TARGETED_DEVICE_FAMILY = "1,2";
			};
			name = Release;
		};
/* End XCBuildConfiguration section */

/* Begin XCConfigurationList section */
		0A55A07F2B89F5FD00FB6C1E /* Build configuration list for PBXProject "Exploration" */ = {
			isa = XCConfigurationList;
			buildConfigurations = (
				0A55A0902B89F5FE00FB6C1E /* Debug */,
				0A55A0912B89F5FE00FB6C1E /* Release */,
			);
			defaultConfigurationIsVisible = 0;
			defaultConfigurationName = Release;
		};
		0A55A0922B89F5FE00FB6C1E /* Build configuration list for PBXNativeTarget "Exploration" */ = {
			isa = XCConfigurationList;
			buildConfigurations = (
				0A55A0932B89F5FE00FB6C1E /* Debug */,
				0A55A0942B89F5FE00FB6C1E /* Release */,
			);
			defaultConfigurationIsVisible = 0;
			defaultConfigurationName = Release;
		};
		0A55A0E02B89FCB000FB6C1E /* Build configuration list for PBXNativeTarget "TaskWidgetExtension" */ = {
			isa = XCConfigurationList;
			buildConfigurations = (
				0A55A0E12B89FCB000FB6C1E /* Debug */,
				0A55A0E22B89FCB000FB6C1E /* Release */,
			);
			defaultConfigurationIsVisible = 0;
			defaultConfigurationName = Release;
		};
/* End XCConfigurationList section */
	};
	rootObject = 0A55A07C2B89F5FD00FB6C1E /* Project object */;
}
